
Microsoft Visual Studio Solution File, Format Version 12.00
# Visual Studio 15
VisualStudioVersion = 15.0.27130.2026
MinimumVisualStudioVersion = 10.0.40219.1
Project("{9A19103F-16F7-4668-BE54-9A1E7A4F7556}") = "dogapi-Mmmolin", "..\dogapi-Mmmolin.csproj", "{8A72FAB1-12C5-46A0-9054-1C22657AF995}"
EndProject
Global
	GlobalSection(SolutionConfigurationPlatforms) = preSolution
		Debug|Any CPU = Debug|Any CPU
		Release|Any CPU = Release|Any CPU
	EndGlobalSection
	GlobalSection(ProjectConfigurationPlatforms) = postSolution
		{8A72FAB1-12C5-46A0-9054-1C22657AF995}.Debug|Any CPU.ActiveCfg = Debug|Any CPU
		{8A72FAB1-12C5-46A0-9054-1C22657AF995}.Debug|Any CPU.Build.0 = Debug|Any CPU
		{8A72FAB1-12C5-46A0-9054-1C22657AF995}.Release|Any CPU.ActiveCfg = Release|Any CPU
		{8A72FAB1-12C5-46A0-9054-1C22657AF995}.Release|Any CPU.Build.0 = Release|Any CPU
	EndGlobalSection
	GlobalSection(SolutionProperties) = preSolution
		HideSolutionNode = FALSE
	EndGlobalSection
	GlobalSection(ExtensibilityGlobals) = postSolution
		SolutionGuid = {23158A6E-A524-445B-8A8A-B150B93EEFA7}
	EndGlobalSection
EndGlobal
